
Microsoft Visual Studio Solution File, Format Version 12.00
# Visual Studio 15
VisualStudioVersion = 15.0.26730.12
MinimumVisualStudioVersion = 10.0.40219.1
Project("{FAE04EC0-301F-11D3-BF4B-00C04F79EFBC}") = "RestCostumerService", "RestCostumerService\RestCostumerService.csproj", "{61147312-72C2-489F-8BEE-0587C6B1EAC4}"
EndProject
Project("{FAE04EC0-301F-11D3-BF4B-00C04F79EFBC}") = "RestCostumerServiceTests", "RestCostumerServiceTests\RestCostumerServiceTests.csproj", "{02E13E66-DA71-44F8-A045-3CF717A895DE}"
EndProject
Project("{FAE04EC0-301F-11D3-BF4B-00C04F79EFBC}") = "RestConsumerClient", "RestConsumerClient\RestConsumerClient.csproj", "{D4C22A03-BC51-407B-AD95-E1281ECCB5E1}"
EndProject
Project("{FAE04EC0-301F-11D3-BF4B-00C04F79EFBC}") = "CustomersLib", "CustomersLib\CustomersLib.csproj", "{02DE5CF5-C1CB-4535-A0E3-6073375B1629}"
EndProject
Global
	GlobalSection(SolutionConfigurationPlatforms) = preSolution
		Debug|Any CPU = Debug|Any CPU
		Release|Any CPU = Release|Any CPU
	EndGlobalSection
	GlobalSection(ProjectConfigurationPlatforms) = postSolution
		{61147312-72C2-489F-8BEE-0587C6B1EAC4}.Debug|Any CPU.ActiveCfg = Debug|Any CPU
		{61147312-72C2-489F-8BEE-0587C6B1EAC4}.Debug|Any CPU.Build.0 = Debug|Any CPU
		{61147312-72C2-489F-8BEE-0587C6B1EAC4}.Release|Any CPU.ActiveCfg = Release|Any CPU
		{61147312-72C2-489F-8BEE-0587C6B1EAC4}.Release|Any CPU.Build.0 = Release|Any CPU
		{02E13E66-DA71-44F8-A045-3CF717A895DE}.Debug|Any CPU.ActiveCfg = Debug|Any CPU
		{02E13E66-DA71-44F8-A045-3CF717A895DE}.Debug|Any CPU.Build.0 = Debug|Any CPU
		{02E13E66-DA71-44F8-A045-3CF717A895DE}.Release|Any CPU.ActiveCfg = Release|Any CPU
		{02E13E66-DA71-44F8-A045-3CF717A895DE}.Release|Any CPU.Build.0 = Release|Any CPU
		{D4C22A03-BC51-407B-AD95-E1281ECCB5E1}.Debug|Any CPU.ActiveCfg = Debug|Any CPU
		{D4C22A03-BC51-407B-AD95-E1281ECCB5E1}.Debug|Any CPU.Build.0 = Debug|Any CPU
		{D4C22A03-BC51-407B-AD95-E1281ECCB5E1}.Release|Any CPU.ActiveCfg = Release|Any CPU
		{D4C22A03-BC51-407B-AD95-E1281ECCB5E1}.Release|Any CPU.Build.0 = Release|Any CPU
		{02DE5CF5-C1CB-4535-A0E3-6073375B1629}.Debug|Any CPU.ActiveCfg = Debug|Any CPU
		{02DE5CF5-C1CB-4535-A0E3-6073375B1629}.Debug|Any CPU.Build.0 = Debug|Any CPU
		{02DE5CF5-C1CB-4535-A0E3-6073375B1629}.Release|Any CPU.ActiveCfg = Release|Any CPU
		{02DE5CF5-C1CB-4535-A0E3-6073375B1629}.Release|Any CPU.Build.0 = Release|Any CPU
	EndGlobalSection
	GlobalSection(SolutionProperties) = preSolution
		HideSolutionNode = FALSE
	EndGlobalSection
	GlobalSection(ExtensibilityGlobals) = postSolution
		SolutionGuid = {46783A55-6B2F-4A44-91B2-26D64D70F550}
	EndGlobalSection
EndGlobal
